{
  "name": "Shop",
  "requires": true,
  "lockfileVersion": 1,
  "dependencies": {
    "angular": {
      "version": "1.7.5",
      "resolved": "https://registry.npmjs.org/angular/-/angular-1.7.5.tgz",
      "integrity": "sha512-760183yxtGzni740IBTieNuWLtPNAoMqvmC0Z62UoU0I3nqk+VJuO3JbQAXOyvo3Oy/ZsdNQwrSTh/B0OQZjNw=="
    },
    "angular-base64": {
      "version": "2.0.5",
      "resolved": "https://registry.npmjs.org/angular-base64/-/angular-base64-2.0.5.tgz",
      "integrity": "sha1-EyVVYq0cjoygm5xLH075ZqxM0JM=",
      "requires": {
        "angular": ">= 1.0.8"
      }
    }
  }
}
